// !$*UTF8*$!
{
	archiveVersion = 1;
	classes = {
	};
	objectVersion = 50;
	objects = {

/* Begin PBXBuildFile section */
		7E1D2A5E2743572C00594E2C /* Wiretapp.swift in Sources */ = {isa = PBXBuildFile; fileRef = 7E2AFCBF274353CA003A115D /* Wiretapp.swift */; };
		7E1D2A61274497CC00594E2C /* WiretappSessionError.swift in Sources */ = {isa = PBXBuildFile; fileRef = 7E1D2A60274497CC00594E2C /* WiretappSessionError.swift */; };
		7E1D2A6227449D2500594E2C /* WiretappSessionError.swift in Sources */ = {isa = PBXBuildFile; fileRef = 7E1D2A60274497CC00594E2C /* WiretappSessionError.swift */; };
		7E1D2A6427449F8800594E2C /* WiretappRecordURLProtocol.swift in Sources */ = {isa = PBXBuildFile; fileRef = 7E1D2A6327449F8800594E2C /* WiretappRecordURLProtocol.swift */; };
		7E2AFCBD274173A0003A115D /* WiretappBaseTestCase.swift in Sources */ = {isa = PBXBuildFile; fileRef = 7E2AFCBC274173A0003A115D /* WiretappBaseTestCase.swift */; };
		7E2AFCBE27417444003A115D /* WiretappURLProtocol.swift in Sources */ = {isa = PBXBuildFile; fileRef = C168C76627401FCC00EE0136 /* WiretappURLProtocol.swift */; };
		7E2AFCC0274353CA003A115D /* Wiretapp.swift in Sources */ = {isa = PBXBuildFile; fileRef = 7E2AFCBF274353CA003A115D /* Wiretapp.swift */; };
		C168C73C27401CDF00EE0136 /* demo_wiretappApp.swift in Sources */ = {isa = PBXBuildFile; fileRef = C168C73B27401CDF00EE0136 /* demo_wiretappApp.swift */; };
		C168C73E27401CDF00EE0136 /* ContentView.swift in Sources */ = {isa = PBXBuildFile; fileRef = C168C73D27401CDF00EE0136 /* ContentView.swift */; };
		C168C74027401CE400EE0136 /* Assets.xcassets in Resources */ = {isa = PBXBuildFile; fileRef = C168C73F27401CE400EE0136 /* Assets.xcassets */; };
		C168C74327401CE400EE0136 /* Preview Assets.xcassets in Resources */ = {isa = PBXBuildFile; fileRef = C168C74227401CE400EE0136 /* Preview Assets.xcassets */; };
		C168C74E27401CE400EE0136 /* demo_wiretappTests.swift in Sources */ = {isa = PBXBuildFile; fileRef = C168C74D27401CE400EE0136 /* demo_wiretappTests.swift */; };
		C168C75927401CE400EE0136 /* demo_wiretappUITests.swift in Sources */ = {isa = PBXBuildFile; fileRef = C168C75827401CE400EE0136 /* demo_wiretappUITests.swift */; };
		C168C76727401FCC00EE0136 /* WiretappURLProtocol.swift in Sources */ = {isa = PBXBuildFile; fileRef = C168C76627401FCC00EE0136 /* WiretappURLProtocol.swift */; };
		C1E12CCE27402F5700C72059 /* MockResponses in Resources */ = {isa = PBXBuildFile; fileRef = C1E12CCC27402F4100C72059 /* MockResponses */; };
		C1E12CD0274033D800C72059 /* NetworkService.swift in Sources */ = {isa = PBXBuildFile; fileRef = C1E12CCF274033D800C72059 /* NetworkService.swift */; };
/* End PBXBuildFile section */

/* Begin PBXContainerItemProxy section */
		C168C74A27401CE400EE0136 /* PBXContainerItemProxy */ = {
			isa = PBXContainerItemProxy;
			containerPortal = C168C73027401CDF00EE0136 /* Project object */;
			proxyType = 1;
			remoteGlobalIDString = C168C73727401CDF00EE0136;
			remoteInfo = demo.wiretapp;
		};
		C168C75527401CE400EE0136 /* PBXContainerItemProxy */ = {
			isa = PBXContainerItemProxy;
			containerPortal = C168C73027401CDF00EE0136 /* Project object */;
			proxyType = 1;
			remoteGlobalIDString = C168C73727401CDF00EE0136;
			remoteInfo = demo.wiretapp;
		};
/* End PBXContainerItemProxy section */

/* Begin PBXFileReference section */
		7E1D2A60274497CC00594E2C /* WiretappSessionError.swift */ = {isa = PBXFileReference; lastKnownFileType = sourcecode.swift; path = WiretappSessionError.swift; sourceTree = "<group>"; };
		7E1D2A6327449F8800594E2C /* WiretappRecordURLProtocol.swift */ = {isa = PBXFileReference; lastKnownFileType = sourcecode.swift; path = WiretappRecordURLProtocol.swift; sourceTree = "<group>"; };
		7E2AFCBC274173A0003A115D /* WiretappBaseTestCase.swift */ = {isa = PBXFileReference; lastKnownFileType = sourcecode.swift; path = WiretappBaseTestCase.swift; sourceTree = "<group>"; };
		7E2AFCBF274353CA003A115D /* Wiretapp.swift */ = {isa = PBXFileReference; lastKnownFileType = sourcecode.swift; path = Wiretapp.swift; sourceTree = "<group>"; };
		C168C73827401CDF00EE0136 /* demo.wiretapp.app */ = {isa = PBXFileReference; explicitFileType = wrapper.application; includeInIndex = 0; path = demo.wiretapp.app; sourceTree = BUILT_PRODUCTS_DIR; };
		C168C73B27401CDF00EE0136 /* demo_wiretappApp.swift */ = {isa = PBXFileReference; lastKnownFileType = sourcecode.swift; path = demo_wiretappApp.swift; sourceTree = "<group>"; };
		C168C73D27401CDF00EE0136 /* ContentView.swift */ = {isa = PBXFileReference; lastKnownFileType = sourcecode.swift; path = ContentView.swift; sourceTree = "<group>"; };
		C168C73F27401CE400EE0136 /* Assets.xcassets */ = {isa = PBXFileReference; lastKnownFileType = folder.assetcatalog; path = Assets.xcassets; sourceTree = "<group>"; };
		C168C74227401CE400EE0136 /* Preview Assets.xcassets */ = {isa = PBXFileReference; lastKnownFileType = folder.assetcatalog; path = "Preview Assets.xcassets"; sourceTree = "<group>"; };
		C168C74427401CE400EE0136 /* Info.plist */ = {isa = PBXFileReference; lastKnownFileType = text.plist.xml; path = Info.plist; sourceTree = "<group>"; };
		C168C74927401CE400EE0136 /* demo.wiretappTests.xctest */ = {isa = PBXFileReference; explicitFileType = wrapper.cfbundle; includeInIndex = 0; path = demo.wiretappTests.xctest; sourceTree = BUILT_PRODUCTS_DIR; };
		C168C74D27401CE400EE0136 /* demo_wiretappTests.swift */ = {isa = PBXFileReference; lastKnownFileType = sourcecode.swift; path = demo_wiretappTests.swift; sourceTree = "<group>"; };
		C168C74F27401CE400EE0136 /* Info.plist */ = {isa = PBXFileReference; lastKnownFileType = text.plist.xml; path = Info.plist; sourceTree = "<group>"; };
		C168C75427401CE400EE0136 /* demo.wiretappUITests.xctest */ = {isa = PBXFileReference; explicitFileType = wrapper.cfbundle; includeInIndex = 0; path = demo.wiretappUITests.xctest; sourceTree = BUILT_PRODUCTS_DIR; };
		C168C75827401CE400EE0136 /* demo_wiretappUITests.swift */ = {isa = PBXFileReference; lastKnownFileType = sourcecode.swift; path = demo_wiretappUITests.swift; sourceTree = "<group>"; };
		C168C75A27401CE400EE0136 /* Info.plist */ = {isa = PBXFileReference; lastKnownFileType = text.plist.xml; path = Info.plist; sourceTree = "<group>"; };
		C168C76627401FCC00EE0136 /* WiretappURLProtocol.swift */ = {isa = PBXFileReference; lastKnownFileType = sourcecode.swift; path = WiretappURLProtocol.swift; sourceTree = "<group>"; };
		C1E12CCC27402F4100C72059 /* MockResponses */ = {isa = PBXFileReference; lastKnownFileType = folder; path = MockResponses; sourceTree = "<group>"; };
		C1E12CCF274033D800C72059 /* NetworkService.swift */ = {isa = PBXFileReference; lastKnownFileType = sourcecode.swift; path = NetworkService.swift; sourceTree = "<group>"; };
/* End PBXFileReference section */

/* Begin PBXFrameworksBuildPhase section */
		C168C73527401CDF00EE0136 /* Frameworks */ = {
			isa = PBXFrameworksBuildPhase;
			buildActionMask = 2147483647;
			files = (
			);
			runOnlyForDeploymentPostprocessing = 0;
		};
		C168C74627401CE400EE0136 /* Frameworks */ = {
			isa = PBXFrameworksBuildPhase;
			buildActionMask = 2147483647;
			files = (
			);
			runOnlyForDeploymentPostprocessing = 0;
		};
		C168C75127401CE400EE0136 /* Frameworks */ = {
			isa = PBXFrameworksBuildPhase;
			buildActionMask = 2147483647;
			files = (
			);
			runOnlyForDeploymentPostprocessing = 0;
		};
/* End PBXFrameworksBuildPhase section */

/* Begin PBXGroup section */
		7E1D2A5F2744977100594E2C /* Wiretapp */ = {
			isa = PBXGroup;
			children = (
				7E2AFCBF274353CA003A115D /* Wiretapp.swift */,
				C168C76627401FCC00EE0136 /* WiretappURLProtocol.swift */,
				7E1D2A60274497CC00594E2C /* WiretappSessionError.swift */,
				7E1D2A6327449F8800594E2C /* WiretappRecordURLProtocol.swift */,
			);
			path = Wiretapp;
			sourceTree = "<group>";
		};
		C168C72F27401CDF00EE0136 = {
			isa = PBXGroup;
			children = (
				C168C73A27401CDF00EE0136 /* demo.wiretapp */,
				C168C74C27401CE400EE0136 /* demo.wiretappTests */,
				C1E12CCC27402F4100C72059 /* MockResponses */,
				C168C75727401CE400EE0136 /* demo.wiretappUITests */,
				C168C73927401CDF00EE0136 /* Products */,
			);
			sourceTree = "<group>";
		};
		C168C73927401CDF00EE0136 /* Products */ = {
			isa = PBXGroup;
			children = (
				C168C73827401CDF00EE0136 /* demo.wiretapp.app */,
				C168C74927401CE400EE0136 /* demo.wiretappTests.xctest */,
				C168C75427401CE400EE0136 /* demo.wiretappUITests.xctest */,
			);
			name = Products;
			sourceTree = "<group>";
		};
		C168C73A27401CDF00EE0136 /* demo.wiretapp */ = {
			isa = PBXGroup;
			children = (
				7E1D2A5F2744977100594E2C /* Wiretapp */,
				C168C73F27401CE400EE0136 /* Assets.xcassets */,
				C168C73D27401CDF00EE0136 /* ContentView.swift */,
				C168C73B27401CDF00EE0136 /* demo_wiretappApp.swift */,
				C168C74427401CE400EE0136 /* Info.plist */,
				C168C74127401CE400EE0136 /* Preview Content */,
				C1E12CCF274033D800C72059 /* NetworkService.swift */,
			);
			path = demo.wiretapp;
			sourceTree = "<group>";
		};
		C168C74127401CE400EE0136 /* Preview Content */ = {
			isa = PBXGroup;
			children = (
				C168C74227401CE400EE0136 /* Preview Assets.xcassets */,
			);
			path = "Preview Content";
			sourceTree = "<group>";
		};
		C168C74C27401CE400EE0136 /* demo.wiretappTests */ = {
			isa = PBXGroup;
			children = (
				C168C74D27401CE400EE0136 /* demo_wiretappTests.swift */,
				C168C74F27401CE400EE0136 /* Info.plist */,
			);
			path = demo.wiretappTests;
			sourceTree = "<group>";
		};
		C168C75727401CE400EE0136 /* demo.wiretappUITests */ = {
			isa = PBXGroup;
			children = (
				C168C75827401CE400EE0136 /* demo_wiretappUITests.swift */,
				C168C75A27401CE400EE0136 /* Info.plist */,
				7E2AFCBC274173A0003A115D /* WiretappBaseTestCase.swift */,
			);
			path = demo.wiretappUITests;
			sourceTree = "<group>";
		};
/* End PBXGroup section */

/* Begin PBXNativeTarget section */
		C168C73727401CDF00EE0136 /* demo.wiretapp */ = {
			isa = PBXNativeTarget;
			buildConfigurationList = C168C75D27401CE400EE0136 /* Build configuration list for PBXNativeTarget "demo.wiretapp" */;
			buildPhases = (
				C168C73427401CDF00EE0136 /* Sources */,
				C168C73527401CDF00EE0136 /* Frameworks */,
				C168C73627401CDF00EE0136 /* Resources */,
			);
			buildRules = (
			);
			dependencies = (
			);
			name = demo.wiretapp;
			productName = demo.wiretapp;
			productReference = C168C73827401CDF00EE0136 /* demo.wiretapp.app */;
			productType = "com.apple.product-type.application";
		};
		C168C74827401CE400EE0136 /* demo.wiretappTests */ = {
			isa = PBXNativeTarget;
			buildConfigurationList = C168C76027401CE400EE0136 /* Build configuration list for PBXNativeTarget "demo.wiretappTests" */;
			buildPhases = (
				C168C74527401CE400EE0136 /* Sources */,
				C168C74627401CE400EE0136 /* Frameworks */,
				C168C74727401CE400EE0136 /* Resources */,
			);
			buildRules = (
			);
			dependencies = (
				C168C74B27401CE400EE0136 /* PBXTargetDependency */,
			);
			name = demo.wiretappTests;
			productName = demo.wiretappTests;
			productReference = C168C74927401CE400EE0136 /* demo.wiretappTests.xctest */;
			productType = "com.apple.product-type.bundle.unit-test";
		};
		C168C75327401CE400EE0136 /* demo.wiretappUITests */ = {
			isa = PBXNativeTarget;
			buildConfigurationList = C168C76327401CE400EE0136 /* Build configuration list for PBXNativeTarget "demo.wiretappUITests" */;
			buildPhases = (
				C168C75027401CE400EE0136 /* Sources */,
				C168C75127401CE400EE0136 /* Frameworks */,
				C168C75227401CE400EE0136 /* Resources */,
			);
			buildRules = (
			);
			dependencies = (
				C168C75627401CE400EE0136 /* PBXTargetDependency */,
			);
			name = demo.wiretappUITests;
			productName = demo.wiretappUITests;
			productReference = C168C75427401CE400EE0136 /* demo.wiretappUITests.xctest */;
			productType = "com.apple.product-type.bundle.ui-testing";
		};
/* End PBXNativeTarget section */

/* Begin PBXProject section */
		C168C73027401CDF00EE0136 /* Project object */ = {
			isa = PBXProject;
			attributes = {
				LastSwiftUpdateCheck = 1250;
				LastUpgradeCheck = 1250;
				TargetAttributes = {
					C168C73727401CDF00EE0136 = {
						CreatedOnToolsVersion = 12.5.1;
					};
					C168C74827401CE400EE0136 = {
						CreatedOnToolsVersion = 12.5.1;
						TestTargetID = C168C73727401CDF00EE0136;
					};
					C168C75327401CE400EE0136 = {
						CreatedOnToolsVersion = 12.5.1;
						TestTargetID = C168C73727401CDF00EE0136;
					};
				};
			};
			buildConfigurationList = C168C73327401CDF00EE0136 /* Build configuration list for PBXProject "demo.wiretapp" */;
			compatibilityVersion = "Xcode 9.3";
			developmentRegion = en;
			hasScannedForEncodings = 0;
			knownRegions = (
				en,
				Base,
			);
			mainGroup = C168C72F27401CDF00EE0136;
			productRefGroup = C168C73927401CDF00EE0136 /* Products */;
			projectDirPath = "";
			projectRoot = "";
			targets = (
				C168C73727401CDF00EE0136 /* demo.wiretapp */,
				C168C74827401CE400EE0136 /* demo.wiretappTests */,
				C168C75327401CE400EE0136 /* demo.wiretappUITests */,
			);
		};
/* End PBXProject section */

/* Begin PBXResourcesBuildPhase section */
		C168C73627401CDF00EE0136 /* Resources */ = {
			isa = PBXResourcesBuildPhase;
			buildActionMask = 2147483647;
			files = (
				C168C74327401CE400EE0136 /* Preview Assets.xcassets in Resources */,
				C168C74027401CE400EE0136 /* Assets.xcassets in Resources */,
			);
			runOnlyForDeploymentPostprocessing = 0;
		};
		C168C74727401CE400EE0136 /* Resources */ = {
			isa = PBXResourcesBuildPhase;
			buildActionMask = 2147483647;
			files = (
			);
			runOnlyForDeploymentPostprocessing = 0;
		};
		C168C75227401CE400EE0136 /* Resources */ = {
			isa = PBXResourcesBuildPhase;
			buildActionMask = 2147483647;
			files = (
				C1E12CCE27402F5700C72059 /* MockResponses in Resources */,
			);
			runOnlyForDeploymentPostprocessing = 0;
		};
/* End PBXResourcesBuildPhase section */

/* Begin PBXSourcesBuildPhase section */
		C168C73427401CDF00EE0136 /* Sources */ = {
			isa = PBXSourcesBuildPhase;
			buildActionMask = 2147483647;
			files = (
				C168C76727401FCC00EE0136 /* WiretappURLProtocol.swift in Sources */,
				7E1D2A6427449F8800594E2C /* WiretappRecordURLProtocol.swift in Sources */,
				C1E12CD0274033D800C72059 /* NetworkService.swift in Sources */,
				C168C73E27401CDF00EE0136 /* ContentView.swift in Sources */,
				7E2AFCC0274353CA003A115D /* Wiretapp.swift in Sources */,
				C168C73C27401CDF00EE0136 /* demo_wiretappApp.swift in Sources */,
				7E1D2A61274497CC00594E2C /* WiretappSessionError.swift in Sources */,
			);
			runOnlyForDeploymentPostprocessing = 0;
		};
		C168C74527401CE400EE0136 /* Sources */ = {
			isa = PBXSourcesBuildPhase;
			buildActionMask = 2147483647;
			files = (
				C168C74E27401CE400EE0136 /* demo_wiretappTests.swift in Sources */,
			);
			runOnlyForDeploymentPostprocessing = 0;
		};
		C168C75027401CE400EE0136 /* Sources */ = {
			isa = PBXSourcesBuildPhase;
			buildActionMask = 2147483647;
			files = (
				7E2AFCBE27417444003A115D /* WiretappURLProtocol.swift in Sources */,
				7E1D2A5E2743572C00594E2C /* Wiretapp.swift in Sources */,
				7E2AFCBD274173A0003A115D /* WiretappBaseTestCase.swift in Sources */,
				C168C75927401CE400EE0136 /* demo_wiretappUITests.swift in Sources */,
				7E1D2A6227449D2500594E2C /* WiretappSessionError.swift in Sources */,
			);
			runOnlyForDeploymentPostprocessing = 0;
		};
/* End PBXSourcesBuildPhase section */

/* Begin PBXTargetDependency section */
		C168C74B27401CE400EE0136 /* PBXTargetDependency */ = {
			isa = PBXTargetDependency;
			target = C168C73727401CDF00EE0136 /* demo.wiretapp */;
			targetProxy = C168C74A27401CE400EE0136 /* PBXContainerItemProxy */;
		};
		C168C75627401CE400EE0136 /* PBXTargetDependency */ = {
			isa = PBXTargetDependency;
			target = C168C73727401CDF00EE0136 /* demo.wiretapp */;
			targetProxy = C168C75527401CE400EE0136 /* PBXContainerItemProxy */;
		};
/* End PBXTargetDependency section */

/* Begin XCBuildConfiguration section */
		C168C75B27401CE400EE0136 /* Debug */ = {
			isa = XCBuildConfiguration;
			buildSettings = {
				ALWAYS_SEARCH_USER_PATHS = NO;
				CLANG_ANALYZER_NONNULL = YES;
				CLANG_ANALYZER_NUMBER_OBJECT_CONVERSION = YES_AGGRESSIVE;
				CLANG_CXX_LANGUAGE_STANDARD = "gnu++14";
				CLANG_CXX_LIBRARY = "libc++";
				CLANG_ENABLE_MODULES = YES;
				CLANG_ENABLE_OBJC_ARC = YES;
				CLANG_ENABLE_OBJC_WEAK = YES;
				CLANG_WARN_BLOCK_CAPTURE_AUTORELEASING = YES;
				CLANG_WARN_BOOL_CONVERSION = YES;
				CLANG_WARN_COMMA = YES;
				CLANG_WARN_CONSTANT_CONVERSION = YES;
				CLANG_WARN_DEPRECATED_OBJC_IMPLEMENTATIONS = YES;
				CLANG_WARN_DIRECT_OBJC_ISA_USAGE = YES_ERROR;
				CLANG_WARN_DOCUMENTATION_COMMENTS = YES;
				CLANG_WARN_EMPTY_BODY = YES;
				CLANG_WARN_ENUM_CONVERSION = YES;
				CLANG_WARN_INFINITE_RECURSION = YES;
				CLANG_WARN_INT_CONVERSION = YES;
				CLANG_WARN_NON_LITERAL_NULL_CONVERSION = YES;
				CLANG_WARN_OBJC_IMPLICIT_RETAIN_SELF = YES;
				CLANG_WARN_OBJC_LITERAL_CONVERSION = YES;
				CLANG_WARN_OBJC_ROOT_CLASS = YES_ERROR;
				CLANG_WARN_QUOTED_INCLUDE_IN_FRAMEWORK_HEADER = YES;
				CLANG_WARN_RANGE_LOOP_ANALYSIS = YES;
				CLANG_WARN_STRICT_PROTOTYPES = YES;
				CLANG_WARN_SUSPICIOUS_MOVE = YES;
				CLANG_WARN_UNGUARDED_AVAILABILITY = YES_AGGRESSIVE;
				CLANG_WARN_UNREACHABLE_CODE = YES;
				CLANG_WARN__DUPLICATE_METHOD_MATCH = YES;
				COPY_PHASE_STRIP = NO;
				DEBUG_INFORMATION_FORMAT = dwarf;
				ENABLE_STRICT_OBJC_MSGSEND = YES;
				ENABLE_TESTABILITY = YES;
				GCC_C_LANGUAGE_STANDARD = gnu11;
				GCC_DYNAMIC_NO_PIC = NO;
				GCC_NO_COMMON_BLOCKS = YES;
				GCC_OPTIMIZATION_LEVEL = 0;
				GCC_PREPROCESSOR_DEFINITIONS = (
					"DEBUG=1",
					"$(inherited)",
				);
				GCC_WARN_64_TO_32_BIT_CONVERSION = YES;
				GCC_WARN_ABOUT_RETURN_TYPE = YES_ERROR;
				GCC_WARN_UNDECLARED_SELECTOR = YES;
				GCC_WARN_UNINITIALIZED_AUTOS = YES_AGGRESSIVE;
				GCC_WARN_UNUSED_FUNCTION = YES;
				GCC_WARN_UNUSED_VARIABLE = YES;
				IPHONEOS_DEPLOYMENT_TARGET = 14.5;
				MTL_ENABLE_DEBUG_INFO = INCLUDE_SOURCE;
				MTL_FAST_MATH = YES;
				ONLY_ACTIVE_ARCH = YES;
				SDKROOT = iphoneos;
				SWIFT_ACTIVE_COMPILATION_CONDITIONS = DEBUG;
				SWIFT_OPTIMIZATION_LEVEL = "-Onone";
			};
			name = Debug;
		};
		C168C75C27401CE400EE0136 /* Release */ = {
			isa = XCBuildConfiguration;
			buildSettings = {
				ALWAYS_SEARCH_USER_PATHS = NO;
				CLANG_ANALYZER_NONNULL = YES;
				CLANG_ANALYZER_NUMBER_OBJECT_CONVERSION = YES_AGGRESSIVE;
				CLANG_CXX_LANGUAGE_STANDARD = "gnu++14";
				CLANG_CXX_LIBRARY = "libc++";
				CLANG_ENABLE_MODULES = YES;
				CLANG_ENABLE_OBJC_ARC = YES;
				CLANG_ENABLE_OBJC_WEAK = YES;
				CLANG_WARN_BLOCK_CAPTURE_AUTORELEASING = YES;
				CLANG_WARN_BOOL_CONVERSION = YES;
				CLANG_WARN_COMMA = YES;
				CLANG_WARN_CONSTANT_CONVERSION = YES;
				CLANG_WARN_DEPRECATED_OBJC_IMPLEMENTATIONS = YES;
				CLANG_WARN_DIRECT_OBJC_ISA_USAGE = YES_ERROR;
				CLANG_WARN_DOCUMENTATION_COMMENTS = YES;
				CLANG_WARN_EMPTY_BODY = YES;
				CLANG_WARN_ENUM_CONVERSION = YES;
				CLANG_WARN_INFINITE_RECURSION = YES;
				CLANG_WARN_INT_CONVERSION = YES;
				CLANG_WARN_NON_LITERAL_NULL_CONVERSION = YES;
				CLANG_WARN_OBJC_IMPLICIT_RETAIN_SELF = YES;
				CLANG_WARN_OBJC_LITERAL_CONVERSION = YES;
				CLANG_WARN_OBJC_ROOT_CLASS = YES_ERROR;
				CLANG_WARN_QUOTED_INCLUDE_IN_FRAMEWORK_HEADER = YES;
				CLANG_WARN_RANGE_LOOP_ANALYSIS = YES;
				CLANG_WARN_STRICT_PROTOTYPES = YES;
				CLANG_WARN_SUSPICIOUS_MOVE = YES;
				CLANG_WARN_UNGUARDED_AVAILABILITY = YES_AGGRESSIVE;
				CLANG_WARN_UNREACHABLE_CODE = YES;
				CLANG_WARN__DUPLICATE_METHOD_MATCH = YES;
				COPY_PHASE_STRIP = NO;
				DEBUG_INFORMATION_FORMAT = "dwarf-with-dsym";
				ENABLE_NS_ASSERTIONS = NO;
				ENABLE_STRICT_OBJC_MSGSEND = YES;
				GCC_C_LANGUAGE_STANDARD = gnu11;
				GCC_NO_COMMON_BLOCKS = YES;
				GCC_WARN_64_TO_32_BIT_CONVERSION = YES;
				GCC_WARN_ABOUT_RETURN_TYPE = YES_ERROR;
				GCC_WARN_UNDECLARED_SELECTOR = YES;
				GCC_WARN_UNINITIALIZED_AUTOS = YES_AGGRESSIVE;
				GCC_WARN_UNUSED_FUNCTION = YES;
				GCC_WARN_UNUSED_VARIABLE = YES;
				IPHONEOS_DEPLOYMENT_TARGET = 14.5;
				MTL_ENABLE_DEBUG_INFO = NO;
				MTL_FAST_MATH = YES;
				SDKROOT = iphoneos;
				SWIFT_COMPILATION_MODE = wholemodule;
				SWIFT_OPTIMIZATION_LEVEL = "-O";
				VALIDATE_PRODUCT = YES;
			};
			name = Release;
		};
		C168C75E27401CE400EE0136 /* Debug */ = {
			isa = XCBuildConfiguration;
			buildSettings = {
				ASSETCATALOG_COMPILER_APPICON_NAME = AppIcon;
				ASSETCATALOG_COMPILER_GLOBAL_ACCENT_COLOR_NAME = AccentColor;
				CODE_SIGN_STYLE = Automatic;
				DEVELOPMENT_ASSET_PATHS = "\"demo.wiretapp/Preview Content\"";
				ENABLE_PREVIEWS = YES;
				INFOPLIST_FILE = demo.wiretapp/Info.plist;
				IPHONEOS_DEPLOYMENT_TARGET = 14.0;
				LD_RUNPATH_SEARCH_PATHS = (
					"$(inherited)",
					"@executable_path/Frameworks",
				);
				PRODUCT_BUNDLE_IDENTIFIER = "com.wiretapp.demo-wiretapp";
				PRODUCT_NAME = "$(TARGET_NAME)";
				SWIFT_VERSION = 5.0;
				TARGETED_DEVICE_FAMILY = "1,2";
			};
			name = Debug;
		};
		C168C75F27401CE400EE0136 /* Release */ = {
			isa = XCBuildConfiguration;
			buildSettings = {
				ASSETCATALOG_COMPILER_APPICON_NAME = AppIcon;
				ASSETCATALOG_COMPILER_GLOBAL_ACCENT_COLOR_NAME = AccentColor;
				CODE_SIGN_STYLE = Automatic;
				DEVELOPMENT_ASSET_PATHS = "\"demo.wiretapp/Preview Content\"";
				ENABLE_PREVIEWS = YES;
				INFOPLIST_FILE = demo.wiretapp/Info.plist;
				IPHONEOS_DEPLOYMENT_TARGET = 14.0;
				LD_RUNPATH_SEARCH_PATHS = (
					"$(inherited)",
					"@executable_path/Frameworks",
				);
				PRODUCT_BUNDLE_IDENTIFIER = "com.wiretapp.demo-wiretapp";
				PRODUCT_NAME = "$(TARGET_NAME)";
				SWIFT_VERSION = 5.0;
				TARGETED_DEVICE_FAMILY = "1,2";
			};
			name = Release;
		};
		C168C76127401CE400EE0136 /* Debug */ = {
			isa = XCBuildConfiguration;
			buildSettings = {
				ALWAYS_EMBED_SWIFT_STANDARD_LIBRARIES = YES;
				BUNDLE_LOADER = "$(TEST_HOST)";
				CODE_SIGN_STYLE = Automatic;
				INFOPLIST_FILE = demo.wiretappTests/Info.plist;
				IPHONEOS_DEPLOYMENT_TARGET = 14.0;
				LD_RUNPATH_SEARCH_PATHS = (
					"$(inherited)",
					"@executable_path/Frameworks",
					"@loader_path/Frameworks",
				);
				PRODUCT_BUNDLE_IDENTIFIER = "com.loblaw.fulfillment.mobilepicker.demo-wiretappTests";
				PRODUCT_NAME = "$(TARGET_NAME)";
				SWIFT_VERSION = 5.0;
				TARGETED_DEVICE_FAMILY = "1,2";
				TEST_HOST = "$(BUILT_PRODUCTS_DIR)/demo.wiretapp.app/demo.wiretapp";
			};
			name = Debug;
		};
		C168C76227401CE400EE0136 /* Release */ = {
			isa = XCBuildConfiguration;
			buildSettings = {
				ALWAYS_EMBED_SWIFT_STANDARD_LIBRARIES = YES;
				BUNDLE_LOADER = "$(TEST_HOST)";
				CODE_SIGN_STYLE = Automatic;
				INFOPLIST_FILE = demo.wiretappTests/Info.plist;
				IPHONEOS_DEPLOYMENT_TARGET = 14.0;
				LD_RUNPATH_SEARCH_PATHS = (
					"$(inherited)",
					"@executable_path/Frameworks",
					"@loader_path/Frameworks",
				);
				PRODUCT_BUNDLE_IDENTIFIER = "com.loblaw.fulfillment.mobilepicker.demo-wiretappTests";
				PRODUCT_NAME = "$(TARGET_NAME)";
				SWIFT_VERSION = 5.0;
				TARGETED_DEVICE_FAMILY = "1,2";
				TEST_HOST = "$(BUILT_PRODUCTS_DIR)/demo.wiretapp.app/demo.wiretapp";
			};
			name = Release;
		};
		C168C76427401CE400EE0136 /* Debug */ = {
			isa = XCBuildConfiguration;
			buildSettings = {
				ALWAYS_EMBED_SWIFT_STANDARD_LIBRARIES = YES;
				CODE_SIGN_STYLE = Automatic;
				INFOPLIST_FILE = demo.wiretappUITests/Info.plist;
				LD_RUNPATH_SEARCH_PATHS = (
					"$(inherited)",
					"@executable_path/Frameworks",
					"@loader_path/Frameworks",
				);
				PRODUCT_BUNDLE_IDENTIFIER = "com.loblaw.fulfillment.mobilepicker.demo-wiretappUITests";
				PRODUCT_NAME = "$(TARGET_NAME)";
				SWIFT_VERSION = 5.0;
				TARGETED_DEVICE_FAMILY = "1,2";
				TEST_TARGET_NAME = demo.wiretapp;
			};
			name = Debug;
		};
		C168C76527401CE400EE0136 /* Release */ = {
			isa = XCBuildConfiguration;
			buildSettings = {
				ALWAYS_EMBED_SWIFT_STANDARD_LIBRARIES = YES;
				CODE_SIGN_STYLE = Automatic;
				INFOPLIST_FILE = demo.wiretappUITests/Info.plist;
				LD_RUNPATH_SEARCH_PATHS = (
					"$(inherited)",
					"@executable_path/Frameworks",
					"@loader_path/Frameworks",
				);
				PRODUCT_BUNDLE_IDENTIFIER = "com.loblaw.fulfillment.mobilepicker.demo-wiretappUITests";
				PRODUCT_NAME = "$(TARGET_NAME)";
				SWIFT_VERSION = 5.0;
				TARGETED_DEVICE_FAMILY = "1,2";
				TEST_TARGET_NAME = demo.wiretapp;
			};
			name = Release;
		};
/* End XCBuildConfiguration section */

/* Begin XCConfigurationList section */
		C168C73327401CDF00EE0136 /* Build configuration list for PBXProject "demo.wiretapp" */ = {
			isa = XCConfigurationList;
			buildConfigurations = (
				C168C75B27401CE400EE0136 /* Debug */,
				C168C75C27401CE400EE0136 /* Release */,
			);
			defaultConfigurationIsVisible = 0;
			defaultConfigurationName = Release;
		};
		C168C75D27401CE400EE0136 /* Build configuration list for PBXNativeTarget "demo.wiretapp" */ = {
			isa = XCConfigurationList;
			buildConfigurations = (
				C168C75E27401CE400EE0136 /* Debug */,
				C168C75F27401CE400EE0136 /* Release */,
			);
			defaultConfigurationIsVisible = 0;
			defaultConfigurationName = Release;
		};
		C168C76027401CE400EE0136 /* Build configuration list for PBXNativeTarget "demo.wiretappTests" */ = {
			isa = XCConfigurationList;
			buildConfigurations = (
				C168C76127401CE400EE0136 /* Debug */,
				C168C76227401CE400EE0136 /* Release */,
			);
			defaultConfigurationIsVisible = 0;
			defaultConfigurationName = Release;
		};
		C168C76327401CE400EE0136 /* Build configuration list for PBXNativeTarget "demo.wiretappUITests" */ = {
			isa = XCConfigurationList;
			buildConfigurations = (
				C168C76427401CE400EE0136 /* Debug */,
				C168C76527401CE400EE0136 /* Release */,
			);
			defaultConfigurationIsVisible = 0;
			defaultConfigurationName = Release;
		};
/* End XCConfigurationList section */
	};
	rootObject = C168C73027401CDF00EE0136 /* Project object */;
}
