{
  "object": {
    "pins": [
      {
        "package": "Wiretapp",
        "repositoryURL": "git@github.com:MrMUsmanAli/wiretapp.git",
        "state": {
          "branch": null,
          "revision": "04a1ddc81002b2b5c1f26e5ecc5b47a368084bd1",
          "version": null
        }
      }
    ]
  },
  "version": 1
}
