{
  "object": {
    "pins": [
      {
        "package": "Wiretapp",
        "repositoryURL": "git@github.com:MrMUsmanAli/wiretapp.git",
        "state": {
          "branch": null,
          "revision": "08480846cdadee3bbc4fe1b559506a3b7ea794d1",
          "version": null
        }
      }
    ]
  },
  "version": 1
}
